Microsoft Visual Studio Solution File, Format Version 12.00
# Visual Studio Version 17
VisualStudioVersion = 17.5.2.0
MinimumVisualStudioVersion = 10.0.40219.1
Project("{FAE04EC0-301F-11D3-BF4B-00C04F79EFBC}") = "PackageExpressApp", "PackageExpressApp\PackageExpressApp.csproj", "{E3315BF8-36E7-2FB0-6F50-7F2A6342BDEA}"
EndProject
Global
	GlobalSection(SolutionConfigurationPlatforms) = preSolution
		Debug|Any CPU = Debug|Any CPU
		Release|Any CPU = Release|Any CPU
	EndGlobalSection
	GlobalSection(ProjectConfigurationPlatforms) = postSolution
		{E3315BF8-36E7-2FB0-6F50-7F2A6342BDEA}.Debug|Any CPU.ActiveCfg = Debug|Any CPU
		{E3315BF8-36E7-2FB0-6F50-7F2A6342BDEA}.Debug|Any CPU.Build.0 = Debug|Any CPU
		{E3315BF8-36E7-2FB0-6F50-7F2A6342BDEA}.Release|Any CPU.ActiveCfg = Release|Any CPU
		{E3315BF8-36E7-2FB0-6F50-7F2A6342BDEA}.Release|Any CPU.Build.0 = Release|Any CPU
	EndGlobalSection
	GlobalSection(SolutionProperties) = preSolution
		HideSolutionNode = FALSE
	EndGlobalSection
	GlobalSection(ExtensibilityGlobals) = postSolution
		SolutionGuid = {A53F4140-D065-4F3E-A483-406A979D9327}
	EndGlobalSection
EndGlobal
